{
  "nodes": {
    "agenix": {
      "inputs": {
        "nixpkgs": [
          "nixpkgs"
        ]
      },
      "locked": {
        "lastModified": 1673301561,
        "narHash": "sha256-gRUWHbBAtMuPDJQXotoI8u6+3DGBIUZHkyQWpIv7WpM=",
        "owner": "ryantm",
        "repo": "agenix",
        "rev": "42d371d861a227149dc9a7e03350c9ab8b8ddd68",
        "type": "github"
      },
      "original": {
        "owner": "ryantm",
        "repo": "agenix",
        "type": "github"
      }
    },
    "emacs-overlay": {
      "inputs": {
        "flake-utils": "flake-utils",
        "nixpkgs": [
          "nixpkgs"
        ]
      },
      "locked": {
        "lastModified": 1674061743,
        "narHash": "sha256-4xz24XJlAqRRjN2+HFUeaJn7CPqpO8N/TQLNinLLv7c=",
        "owner": "nix-community",
        "repo": "emacs-overlay",
        "rev": "c02cfe11649018c3e31c8c4a4d91233b1e62d487",
        "type": "github"
      },
      "original": {
        "owner": "nix-community",
        "repo": "emacs-overlay",
        "type": "github"
      }
    },
    "flake-utils": {
      "locked": {
        "lastModified": 1667395993,
        "narHash": "sha256-nuEHfE/LcWyuSWnS8t12N1wc105Qtau+/OdUAjtQ0rA=",
        "owner": "numtide",
        "repo": "flake-utils",
        "rev": "5aed5285a952e0b949eb3ba02c12fa4fcfef535f",
        "type": "github"
      },
      "original": {
        "owner": "numtide",
        "repo": "flake-utils",
        "type": "github"
      }
    },
    "flake-utils_2": {
      "locked": {
        "lastModified": 1631561581,
        "narHash": "sha256-3VQMV5zvxaVLvqqUrNz3iJelLw30mIVSfZmAaauM3dA=",
        "owner": "numtide",
        "repo": "flake-utils",
        "rev": "7e5bf3925f6fbdfaf50a2a7ca0be2879c4261d19",
        "type": "github"
      },
      "original": {
        "owner": "numtide",
        "repo": "flake-utils",
        "type": "github"
      }
    },
    "flake-utils_3": {
      "locked": {
        "lastModified": 1659877975,
        "narHash": "sha256-zllb8aq3YO3h8B/U0/J1WBgAL8EX5yWf5pMj3G0NAmc=",
        "owner": "numtide",
        "repo": "flake-utils",
        "rev": "c0e246b9b83f637f4681389ecabcb2681b4f3af0",
        "type": "github"
      },
      "original": {
        "owner": "numtide",
        "repo": "flake-utils",
        "type": "github"
      }
    },
    "flake-utils_4": {
      "locked": {
        "lastModified": 1656928814,
        "narHash": "sha256-RIFfgBuKz6Hp89yRr7+NR5tzIAbn52h8vT6vXkYjZoM=",
        "owner": "numtide",
        "repo": "flake-utils",
        "rev": "7e2a3b3dfd9af950a856d66b0a7d01e3c18aa249",
        "type": "github"
      },
      "original": {
        "owner": "numtide",
        "repo": "flake-utils",
        "type": "github"
      }
    },
    "flake-utils_5": {
      "locked": {
        "lastModified": 1656928814,
        "narHash": "sha256-RIFfgBuKz6Hp89yRr7+NR5tzIAbn52h8vT6vXkYjZoM=",
        "owner": "numtide",
        "repo": "flake-utils",
        "rev": "7e2a3b3dfd9af950a856d66b0a7d01e3c18aa249",
        "type": "github"
      },
      "original": {
        "owner": "numtide",
        "repo": "flake-utils",
        "type": "github"
      }
    },
    "home-manager": {
      "inputs": {
        "nixpkgs": [
          "nixpkgs"
        ]
      },
      "locked": {
        "lastModified": 1667907331,
        "narHash": "sha256-bHkAwkYlBjkupPUFcQjimNS8gxWSWjOTevEuwdnp5m0=",
        "owner": "nix-community",
        "repo": "home-manager",
        "rev": "6639e3a837fc5deb6f99554072789724997bc8e5",
        "type": "github"
      },
      "original": {
        "owner": "nix-community",
        "ref": "release-22.05",
        "repo": "home-manager",
        "type": "github"
      }
    },
    "hyprland": {
      "inputs": {
        "hyprland-protocols": "hyprland-protocols",
        "nixpkgs": [
          "nixpkgs"
        ],
        "wlroots": "wlroots",
        "xdph": "xdph"
      },
      "locked": {
        "lastModified": 1674054764,
        "narHash": "sha256-00cRYxCYmZvncLyCsVYrhQsCzFnjkZi+23TC2FpQU/U=",
        "owner": "hyprwm",
        "repo": "Hyprland",
        "rev": "428063ff2304962387803fd59e5da8b9b82710cc",
        "type": "github"
      },
      "original": {
        "owner": "hyprwm",
        "repo": "Hyprland",
        "type": "github"
      }
    },
    "hyprland-protocols": {
      "inputs": {
        "nixpkgs": [
          "hyprland",
          "nixpkgs"
        ]
      },
      "locked": {
        "lastModified": 1671839510,
        "narHash": "sha256-+PY1qqJfmZzzROgcIY4I7AkCwpnC+qBIYk2eFoA9RWc=",
        "owner": "hyprwm",
        "repo": "hyprland-protocols",
        "rev": "b8f55e02a328c47ed373133c52483bbfa20a1b75",
        "type": "github"
      },
      "original": {
        "owner": "hyprwm",
        "repo": "hyprland-protocols",
        "type": "github"
      }
    },
    "hyprpaper": {
      "inputs": {
        "nixpkgs": [
          "nixpkgs"
        ]
      },
      "locked": {
        "lastModified": 1673799209,
        "narHash": "sha256-GMRM1IyIuDEzjEw5E4zWI/TCg3zWs65v86NuR+BAtW0=",
        "owner": "hyprwm",
        "repo": "hyprpaper",
        "rev": "f77a664e9d168fb7b332ede9db4a3e35a46dd6c5",
        "type": "github"
      },
      "original": {
        "owner": "hyprwm",
        "repo": "hyprpaper",
        "type": "github"
      }
    },
    "hyprpicker": {
      "inputs": {
        "nixpkgs": [
          "nixpkgs"
        ]
      },
      "locked": {
        "lastModified": 1673270158,
        "narHash": "sha256-22VKnL4PT3CSy0IErOkL1U85jq8sXmI7VPhcPtRYSko=",
        "owner": "hyprwm",
        "repo": "hyprpicker",
        "rev": "fe4535a27389624445b96450a7c338136c619c95",
        "type": "github"
      },
      "original": {
        "owner": "hyprwm",
        "repo": "hyprpicker",
        "type": "github"
      }
    },
    "jillo": {
      "inputs": {
        "mkNodePackage": "mkNodePackage",
        "nixpkgs": "nixpkgs_2"
      },
      "locked": {
        "lastModified": 1669389833,
        "narHash": "sha256-khId6aJCxyeR6jWNNywAqJ+eEoZXSZciH8kkSYG5Jf8=",
        "type": "git",
        "url": "file:///home/oatmealine/jillo"
      },
      "original": {
        "type": "git",
        "url": "file:///home/oatmealine/jillo"
      }
    },
    "mkNodePackage": {
      "inputs": {
        "flake-utils": "flake-utils_2",
        "nixpkgs": "nixpkgs",
        "npmlock2nix": "npmlock2nix",
        "pnpm2nix": "pnpm2nix"
      },
      "locked": {
        "lastModified": 1633790997,
        "narHash": "sha256-1mk4EwNkWtTNpeRivZmJTzB+92g07maeFRVUMnnRh1U=",
        "owner": "winston0410",
        "repo": "mkNodePackage",
        "rev": "a7eca5e027c8b260dca4ece7d8dd187f92420611",
        "type": "github"
      },
      "original": {
        "owner": "winston0410",
        "repo": "mkNodePackage",
        "type": "github"
      }
    },
    "nix-minecraft": {
      "inputs": {
        "flake-utils": "flake-utils_3",
        "nixpkgs": [
          "nixpkgs"
        ]
      },
      "locked": {
        "lastModified": 1674006232,
        "narHash": "sha256-RRfRRO3D/ezYzeGiu75moIDNm4ba2ZE3XSAIrbLuWVQ=",
        "owner": "Infinidoge",
        "repo": "nix-minecraft",
        "rev": "a2396d8c4c65ed5b41e7198cbf66a9de10573ccb",
        "type": "github"
      },
      "original": {
        "owner": "Infinidoge",
        "repo": "nix-minecraft",
        "type": "github"
      }
    },
    "nixos-hardware": {
      "locked": {
        "lastModified": 1673803274,
        "narHash": "sha256-zaJDlHFXewT4KUsidMpRcPE+REymGH1Y3Eoc3Pjv4Xs=",
        "owner": "nixos",
        "repo": "nixos-hardware",
        "rev": "7bd6b87b3712e68007823e8dd5c37ee9b114fee3",
        "type": "github"
      },
      "original": {
        "owner": "nixos",
        "repo": "nixos-hardware",
        "type": "github"
      }
    },
    "nixpkgs": {
      "locked": {
        "lastModified": 1633351077,
        "narHash": "sha256-z38JG4Bb0GtM1aF1pANVdp1dniMP23Yb3HnRoJRy2uU=",
        "owner": "nixos",
        "repo": "nixpkgs",
        "rev": "14aef06d9b3ad1d07626bdbb16083b83f92dc6c1",
        "type": "github"
      },
      "original": {
        "owner": "nixos",
        "ref": "nixos-unstable",
        "repo": "nixpkgs",
        "type": "github"
      }
    },
    "nixpkgs-unstable": {
      "locked": {
        "lastModified": 1670064435,
        "narHash": "sha256-+ELoY30UN+Pl3Yn7RWRPabykwebsVK/kYE9JsIsUMxQ=",
        "owner": "NixOS",
        "repo": "nixpkgs",
        "rev": "61a8a98e6d557e6dd7ed0cdb54c3a3e3bbc5e25c",
        "type": "github"
      },
      "original": {
        "id": "nixpkgs",
        "ref": "nixos-unstable",
        "type": "indirect"
      }
    },
    "nixpkgs_2": {
      "locked": {
        "lastModified": 1659153955,
        "narHash": "sha256-BAdA1WBHi/TBSaeyDjsVIqe62r0w/5ZvsaglXivOLLM=",
        "owner": "nixos",
        "repo": "nixpkgs",
        "rev": "1e5d0fbd82f0f1370c70026d255deda2d9c8a585",
        "type": "github"
      },
      "original": {
        "owner": "nixos",
        "ref": "nixos-22.05",
        "repo": "nixpkgs",
        "type": "github"
      }
    },
    "nixpkgs_3": {
      "locked": {
        "lastModified": 1670064435,
        "narHash": "sha256-+ELoY30UN+Pl3Yn7RWRPabykwebsVK/kYE9JsIsUMxQ=",
        "owner": "NixOS",
        "repo": "nixpkgs",
        "rev": "61a8a98e6d557e6dd7ed0cdb54c3a3e3bbc5e25c",
        "type": "github"
      },
      "original": {
        "id": "nixpkgs",
        "ref": "nixos-unstable",
        "type": "indirect"
      }
    },
    "nixpkgs_4": {
      "locked": {
        "lastModified": 1659219666,
        "narHash": "sha256-pzYr5fokQPHv7CmUXioOhhzDy/XyWOIXP4LZvv/T7Mk=",
        "owner": "NixOS",
        "repo": "nixpkgs",
        "rev": "7b9be38c7250b22d829ab6effdee90d5e40c6e5c",
        "type": "github"
      },
      "original": {
        "id": "nixpkgs",
        "ref": "nixos-unstable",
        "type": "indirect"
      }
    },
    "nixpkgs_5": {
      "locked": {
        "lastModified": 1659102345,
        "narHash": "sha256-Vbzlz254EMZvn28BhpN8JOi5EuKqnHZ3ujFYgFcSGvk=",
        "owner": "NixOS",
        "repo": "nixpkgs",
        "rev": "11b60e4f80d87794a2a4a8a256391b37c59a1ea7",
        "type": "github"
      },
      "original": {
        "owner": "NixOS",
        "ref": "nixpkgs-unstable",
        "repo": "nixpkgs",
        "type": "github"
      }
    },
    "npmlock2nix": {
      "flake": false,
      "locked": {
        "lastModified": 1633729941,
        "narHash": "sha256-v2YPcEWI1Wz8ErivorubgLcDT06H6YzFT7uhp1ymqnE=",
        "owner": "winston0410",
        "repo": "npmlock2nix",
        "rev": "6ade47a330b6919defb45c0eb984a64234aa8468",
        "type": "github"
      },
      "original": {
        "owner": "winston0410",
        "ref": "issue113",
        "repo": "npmlock2nix",
        "type": "github"
      }
    },
    "pnpm2nix": {
      "flake": false,
      "locked": {
        "lastModified": 1594396611,
        "narHash": "sha256-UXOUQ+2A89/zaxYhTHiRrRBU5exbUWrg+FoJYMcNwuI=",
        "owner": "nix-community",
        "repo": "pnpm2nix",
        "rev": "f67be0925a91b92f54d99dbdead7a06920b979ac",
        "type": "github"
      },
      "original": {
        "owner": "nix-community",
        "ref": "master",
        "repo": "pnpm2nix",
        "type": "github"
      }
    },
    "root": {
      "inputs": {
        "agenix": "agenix",
        "emacs-overlay": "emacs-overlay",
        "home-manager": "home-manager",
        "hyprland": "hyprland",
        "hyprpaper": "hyprpaper",
        "hyprpicker": "hyprpicker",
        "jillo": "jillo",
        "nix-minecraft": "nix-minecraft",
        "nixos-hardware": "nixos-hardware",
        "nixpkgs": "nixpkgs_3",
        "nixpkgs-unstable": "nixpkgs-unstable",
        "watch-party": "watch-party"
      }
    },
    "rust-overlay": {
      "inputs": {
        "flake-utils": "flake-utils_5",
        "nixpkgs": "nixpkgs_5"
      },
      "locked": {
        "lastModified": 1659179790,
        "narHash": "sha256-HhCjnO20QbJFJExExiwAslpx0YpB0qpovKejE+HpSQ4=",
        "owner": "oxalica",
        "repo": "rust-overlay",
        "rev": "cc3c93a28de41ac38b93cdf075a6776c6e42d2a1",
        "type": "github"
      },
      "original": {
        "owner": "oxalica",
        "repo": "rust-overlay",
        "type": "github"
      }
    },
    "watch-party": {
      "inputs": {
        "flake-utils": "flake-utils_4",
        "nixpkgs": "nixpkgs_4",
        "rust-overlay": "rust-overlay"
      },
      "locked": {
        "lastModified": 1657657296,
        "narHash": "sha256-eJnE1a3EiVM2EFhJ7nQvkTyEZ6/fOWYsnb6GYOSfizg=",
        "type": "git",
        "url": "file:///home/oatmealine/watch-party"
      },
      "original": {
        "type": "git",
        "url": "file:///home/oatmealine/watch-party"
      }
    },
    "wlroots": {
      "flake": false,
      "locked": {
        "host": "gitlab.freedesktop.org",
        "lastModified": 1672824257,
        "narHash": "sha256-SbYoZj57VlopTzI+OSW9jlgYxN1gI1KLg/s/HV+87eE=",
        "owner": "wlroots",
        "repo": "wlroots",
        "rev": "5f264a7d6c8af27d41ff440c05262b022c055593",
        "type": "gitlab"
      },
      "original": {
        "host": "gitlab.freedesktop.org",
        "owner": "wlroots",
        "repo": "wlroots",
        "type": "gitlab"
      }
    },
    "xdph": {
      "inputs": {
        "hyprland-protocols": [
          "hyprland",
          "hyprland-protocols"
        ],
        "nixpkgs": [
          "hyprland",
          "nixpkgs"
        ]
      },
      "locked": {
        "lastModified": 1673116118,
        "narHash": "sha256-eR0yDSkR2XYMesfdRWJs25kAdXET2mbNNHu5t+KUcKA=",
        "owner": "hyprwm",
        "repo": "xdg-desktop-portal-hyprland",
        "rev": "d479c846531fd0e1d2357c9588b8310a2b859ef2",
        "type": "github"
      },
      "original": {
        "owner": "hyprwm",
        "repo": "xdg-desktop-portal-hyprland",
        "type": "github"
      }
    }
  },
  "root": "root",
  "version": 7
}
